
Microsoft Visual Studio Solution File, Format Version 12.00
# Visual Studio Version 17
VisualStudioVersion = 17.4.33213.308
MinimumVisualStudioVersion = 10.0.40219.1
Project("{9A19103F-16F7-4668-BE54-9A1E7A4F7556}") = "Labb1Publisering", "Labb1Publisering\Labb1Publisering.csproj", "{0D4D7945-97C6-4143-8CB0-8BAE94FEC0E0}"
EndProject
Project("{9A19103F-16F7-4668-BE54-9A1E7A4F7556}") = "DIG_API", "DIG_API\DIG_API.csproj", "{EDBAD9A1-155D-49B7-83FD-D1A4976435B4}"
EndProject
Project("{E53339B2-1760-4266-BCC7-CA923CBCF16C}") = "docker-compose", "docker-compose.dcproj", "{8899A655-E0B2-40F2-97D7-A57367AB26AD}"
EndProject
Global
	GlobalSection(SolutionConfigurationPlatforms) = preSolution
		Debug|Any CPU = Debug|Any CPU
		Release|Any CPU = Release|Any CPU
	EndGlobalSection
	GlobalSection(ProjectConfigurationPlatforms) = postSolution
		{0D4D7945-97C6-4143-8CB0-8BAE94FEC0E0}.Debug|Any CPU.ActiveCfg = Debug|Any CPU
		{0D4D7945-97C6-4143-8CB0-8BAE94FEC0E0}.Debug|Any CPU.Build.0 = Debug|Any CPU
		{0D4D7945-97C6-4143-8CB0-8BAE94FEC0E0}.Release|Any CPU.ActiveCfg = Release|Any CPU
		{0D4D7945-97C6-4143-8CB0-8BAE94FEC0E0}.Release|Any CPU.Build.0 = Release|Any CPU
		{EDBAD9A1-155D-49B7-83FD-D1A4976435B4}.Debug|Any CPU.ActiveCfg = Debug|Any CPU
		{EDBAD9A1-155D-49B7-83FD-D1A4976435B4}.Debug|Any CPU.Build.0 = Debug|Any CPU
		{EDBAD9A1-155D-49B7-83FD-D1A4976435B4}.Release|Any CPU.ActiveCfg = Release|Any CPU
		{EDBAD9A1-155D-49B7-83FD-D1A4976435B4}.Release|Any CPU.Build.0 = Release|Any CPU
		{8899A655-E0B2-40F2-97D7-A57367AB26AD}.Debug|Any CPU.ActiveCfg = Debug|Any CPU
		{8899A655-E0B2-40F2-97D7-A57367AB26AD}.Debug|Any CPU.Build.0 = Debug|Any CPU
		{8899A655-E0B2-40F2-97D7-A57367AB26AD}.Release|Any CPU.ActiveCfg = Release|Any CPU
		{8899A655-E0B2-40F2-97D7-A57367AB26AD}.Release|Any CPU.Build.0 = Release|Any CPU
	EndGlobalSection
	GlobalSection(SolutionProperties) = preSolution
		HideSolutionNode = FALSE
	EndGlobalSection
	GlobalSection(ExtensibilityGlobals) = postSolution
		SolutionGuid = {03CC152B-FB38-4064-A160-AE14204904AF}
	EndGlobalSection
EndGlobal
